// !$*UTF8*$!
{
	archiveVersion = 1;
	classes = {
	};
	objectVersion = 50;
	objects = {

/* Begin PBXBuildFile section */
		2A790DB22137058900A471FB /* AppDelegate.swift in Sources */ = {isa = PBXBuildFile; fileRef = 2A790DB12137058900A471FB /* AppDelegate.swift */; };
		2A790DB92137058A00A471FB /* Assets.xcassets in Resources */ = {isa = PBXBuildFile; fileRef = 2A790DB82137058A00A471FB /* Assets.xcassets */; };
		2A790DBC2137058A00A471FB /* LaunchScreen.storyboard in Resources */ = {isa = PBXBuildFile; fileRef = 2A790DBA2137058A00A471FB /* LaunchScreen.storyboard */; };
		2A790DC7213706ED00A471FB /* Reusable.swift in Sources */ = {isa = PBXBuildFile; fileRef = 2A790DC6213706ED00A471FB /* Reusable.swift */; };
		2A790DC92137076E00A471FB /* UITableViewExtensions.swift in Sources */ = {isa = PBXBuildFile; fileRef = 2A790DC82137076E00A471FB /* UITableViewExtensions.swift */; };
		2A790DD22137088200A471FB /* Example.storyboard in Resources */ = {isa = PBXBuildFile; fileRef = 2A790DCC2137088200A471FB /* Example.storyboard */; };
		2A790DD32137088200A471FB /* ExamplePresenter.swift in Sources */ = {isa = PBXBuildFile; fileRef = 2A790DCD2137088200A471FB /* ExamplePresenter.swift */; };
		2A790DD42137088200A471FB /* ExampleProtocols.swift in Sources */ = {isa = PBXBuildFile; fileRef = 2A790DCE2137088200A471FB /* ExampleProtocols.swift */; };
		2A790DD52137088200A471FB /* ExampleInteractor.swift in Sources */ = {isa = PBXBuildFile; fileRef = 2A790DCF2137088200A471FB /* ExampleInteractor.swift */; };
		2A790DD62137088200A471FB /* ExampleView.swift in Sources */ = {isa = PBXBuildFile; fileRef = 2A790DD02137088200A471FB /* ExampleView.swift */; };
		2A790DD72137088200A471FB /* ExampleWireframe.swift in Sources */ = {isa = PBXBuildFile; fileRef = 2A790DD12137088200A471FB /* ExampleWireframe.swift */; };
		2A790DD9213709A000A471FB /* MainWireframe.swift in Sources */ = {isa = PBXBuildFile; fileRef = 2A790DD8213709A000A471FB /* MainWireframe.swift */; };
/* End PBXBuildFile section */

/* Begin PBXFileReference section */
		2A790DAE2137058900A471FB /* Reusable.app */ = {isa = PBXFileReference; explicitFileType = wrapper.application; includeInIndex = 0; path = Reusable.app; sourceTree = BUILT_PRODUCTS_DIR; };
		2A790DB12137058900A471FB /* AppDelegate.swift */ = {isa = PBXFileReference; lastKnownFileType = sourcecode.swift; path = AppDelegate.swift; sourceTree = "<group>"; };
		2A790DB82137058A00A471FB /* Assets.xcassets */ = {isa = PBXFileReference; lastKnownFileType = folder.assetcatalog; path = Assets.xcassets; sourceTree = "<group>"; };
		2A790DBB2137058A00A471FB /* Base */ = {isa = PBXFileReference; lastKnownFileType = file.storyboard; name = Base; path = Base.lproj/LaunchScreen.storyboard; sourceTree = "<group>"; };
		2A790DBD2137058A00A471FB /* Info.plist */ = {isa = PBXFileReference; lastKnownFileType = text.plist.xml; path = Info.plist; sourceTree = "<group>"; };
		2A790DC6213706ED00A471FB /* Reusable.swift */ = {isa = PBXFileReference; lastKnownFileType = sourcecode.swift; path = Reusable.swift; sourceTree = "<group>"; };
		2A790DC82137076E00A471FB /* UITableViewExtensions.swift */ = {isa = PBXFileReference; lastKnownFileType = sourcecode.swift; path = UITableViewExtensions.swift; sourceTree = "<group>"; };
		2A790DCC2137088200A471FB /* Example.storyboard */ = {isa = PBXFileReference; lastKnownFileType = file.storyboard; path = Example.storyboard; sourceTree = "<group>"; };
		2A790DCD2137088200A471FB /* ExamplePresenter.swift */ = {isa = PBXFileReference; lastKnownFileType = sourcecode.swift; path = ExamplePresenter.swift; sourceTree = "<group>"; };
		2A790DCE2137088200A471FB /* ExampleProtocols.swift */ = {isa = PBXFileReference; lastKnownFileType = sourcecode.swift; path = ExampleProtocols.swift; sourceTree = "<group>"; };
		2A790DCF2137088200A471FB /* ExampleInteractor.swift */ = {isa = PBXFileReference; lastKnownFileType = sourcecode.swift; path = ExampleInteractor.swift; sourceTree = "<group>"; };
		2A790DD02137088200A471FB /* ExampleView.swift */ = {isa = PBXFileReference; lastKnownFileType = sourcecode.swift; path = ExampleView.swift; sourceTree = "<group>"; };
		2A790DD12137088200A471FB /* ExampleWireframe.swift */ = {isa = PBXFileReference; lastKnownFileType = sourcecode.swift; path = ExampleWireframe.swift; sourceTree = "<group>"; };
		2A790DD8213709A000A471FB /* MainWireframe.swift */ = {isa = PBXFileReference; lastKnownFileType = sourcecode.swift; path = MainWireframe.swift; sourceTree = "<group>"; };
/* End PBXFileReference section */

/* Begin PBXFrameworksBuildPhase section */
		2A790DAB2137058900A471FB /* Frameworks */ = {
			isa = PBXFrameworksBuildPhase;
			buildActionMask = 2147483647;
			files = (
			);
			runOnlyForDeploymentPostprocessing = 0;
		};
/* End PBXFrameworksBuildPhase section */

/* Begin PBXGroup section */
		2A790DA52137058900A471FB = {
			isa = PBXGroup;
			children = (
				2A790DB02137058900A471FB /* Reusable */,
				2A790DAF2137058900A471FB /* Products */,
			);
			sourceTree = "<group>";
		};
		2A790DAF2137058900A471FB /* Products */ = {
			isa = PBXGroup;
			children = (
				2A790DAE2137058900A471FB /* Reusable.app */,
			);
			name = Products;
			sourceTree = "<group>";
		};
		2A790DB02137058900A471FB /* Reusable */ = {
			isa = PBXGroup;
			children = (
				2A790DB12137058900A471FB /* AppDelegate.swift */,
				2A790DB82137058A00A471FB /* Assets.xcassets */,
				2A790DBA2137058A00A471FB /* LaunchScreen.storyboard */,
				2A790DBD2137058A00A471FB /* Info.plist */,
				2A790DCA2137085600A471FB /* Modules */,
				2A790DC32137069700A471FB /* Util */,
			);
			path = Reusable;
			sourceTree = "<group>";
		};
		2A790DC32137069700A471FB /* Util */ = {
			isa = PBXGroup;
			children = (
				2A790DC4213706A400A471FB /* Common */,
				2A790DC5213706C100A471FB /* Extensions */,
			);
			path = Util;
			sourceTree = "<group>";
		};
		2A790DC4213706A400A471FB /* Common */ = {
			isa = PBXGroup;
			children = (
				2A790DD8213709A000A471FB /* MainWireframe.swift */,
				2A790DC6213706ED00A471FB /* Reusable.swift */,
			);
			path = Common;
			sourceTree = "<group>";
		};
		2A790DC5213706C100A471FB /* Extensions */ = {
			isa = PBXGroup;
			children = (
				2A790DC82137076E00A471FB /* UITableViewExtensions.swift */,
			);
			path = Extensions;
			sourceTree = "<group>";
		};
		2A790DCA2137085600A471FB /* Modules */ = {
			isa = PBXGroup;
			children = (
				2A790DCB2137086300A471FB /* Example */,
			);
			path = Modules;
			sourceTree = "<group>";
		};
		2A790DCB2137086300A471FB /* Example */ = {
			isa = PBXGroup;
			children = (
				2A790DCC2137088200A471FB /* Example.storyboard */,
				2A790DCD2137088200A471FB /* ExamplePresenter.swift */,
				2A790DCE2137088200A471FB /* ExampleProtocols.swift */,
				2A790DCF2137088200A471FB /* ExampleInteractor.swift */,
				2A790DD02137088200A471FB /* ExampleView.swift */,
				2A790DD12137088200A471FB /* ExampleWireframe.swift */,
			);
			path = Example;
			sourceTree = "<group>";
		};
/* End PBXGroup section */

/* Begin PBXNativeTarget section */
		2A790DAD2137058900A471FB /* Reusable */ = {
			isa = PBXNativeTarget;
			buildConfigurationList = 2A790DC02137058A00A471FB /* Build configuration list for PBXNativeTarget "Reusable" */;
			buildPhases = (
				2A790DAA2137058900A471FB /* Sources */,
				2A790DAB2137058900A471FB /* Frameworks */,
				2A790DAC2137058900A471FB /* Resources */,
			);
			buildRules = (
			);
			dependencies = (
			);
			name = Reusable;
			productName = Reusable;
			productReference = 2A790DAE2137058900A471FB /* Reusable.app */;
			productType = "com.apple.product-type.application";
		};
/* End PBXNativeTarget section */

/* Begin PBXProject section */
		2A790DA62137058900A471FB /* Project object */ = {
			isa = PBXProject;
			attributes = {
				LastSwiftUpdateCheck = 0940;
				LastUpgradeCheck = 0940;
				ORGANIZATIONNAME = "Glauco Moraes";
				TargetAttributes = {
					2A790DAD2137058900A471FB = {
						CreatedOnToolsVersion = 9.4.1;
					};
				};
			};
			buildConfigurationList = 2A790DA92137058900A471FB /* Build configuration list for PBXProject "Reusable" */;
			compatibilityVersion = "Xcode 9.3";
			developmentRegion = en;
			hasScannedForEncodings = 0;
			knownRegions = (
				en,
				Base,
			);
			mainGroup = 2A790DA52137058900A471FB;
			productRefGroup = 2A790DAF2137058900A471FB /* Products */;
			projectDirPath = "";
			projectRoot = "";
			targets = (
				2A790DAD2137058900A471FB /* Reusable */,
			);
		};
/* End PBXProject section */

/* Begin PBXResourcesBuildPhase section */
		2A790DAC2137058900A471FB /* Resources */ = {
			isa = PBXResourcesBuildPhase;
			buildActionMask = 2147483647;
			files = (
				2A790DBC2137058A00A471FB /* LaunchScreen.storyboard in Resources */,
				2A790DD22137088200A471FB /* Example.storyboard in Resources */,
				2A790DB92137058A00A471FB /* Assets.xcassets in Resources */,
			);
			runOnlyForDeploymentPostprocessing = 0;
		};
/* End PBXResourcesBuildPhase section */

/* Begin PBXSourcesBuildPhase section */
		2A790DAA2137058900A471FB /* Sources */ = {
			isa = PBXSourcesBuildPhase;
			buildActionMask = 2147483647;
			files = (
				2A790DD42137088200A471FB /* ExampleProtocols.swift in Sources */,
				2A790DD32137088200A471FB /* ExamplePresenter.swift in Sources */,
				2A790DD72137088200A471FB /* ExampleWireframe.swift in Sources */,
				2A790DD52137088200A471FB /* ExampleInteractor.swift in Sources */,
				2A790DD62137088200A471FB /* ExampleView.swift in Sources */,
				2A790DD9213709A000A471FB /* MainWireframe.swift in Sources */,
				2A790DC7213706ED00A471FB /* Reusable.swift in Sources */,
				2A790DB22137058900A471FB /* AppDelegate.swift in Sources */,
				2A790DC92137076E00A471FB /* UITableViewExtensions.swift in Sources */,
			);
			runOnlyForDeploymentPostprocessing = 0;
		};
/* End PBXSourcesBuildPhase section */

/* Begin PBXVariantGroup section */
		2A790DBA2137058A00A471FB /* LaunchScreen.storyboard */ = {
			isa = PBXVariantGroup;
			children = (
				2A790DBB2137058A00A471FB /* Base */,
			);
			name = LaunchScreen.storyboard;
			sourceTree = "<group>";
		};
/* End PBXVariantGroup section */

/* Begin XCBuildConfiguration section */
		2A790DBE2137058A00A471FB /* Debug */ = {
			isa = XCBuildConfiguration;
			buildSettings = {
				ALWAYS_SEARCH_USER_PATHS = NO;
				CLANG_ANALYZER_NONNULL = YES;
				CLANG_ANALYZER_NUMBER_OBJECT_CONVERSION = YES_AGGRESSIVE;
				CLANG_CXX_LANGUAGE_STANDARD = "gnu++14";
				CLANG_CXX_LIBRARY = "libc++";
				CLANG_ENABLE_MODULES = YES;
				CLANG_ENABLE_OBJC_ARC = YES;
				CLANG_ENABLE_OBJC_WEAK = YES;
				CLANG_WARN_BLOCK_CAPTURE_AUTORELEASING = YES;
				CLANG_WARN_BOOL_CONVERSION = YES;
				CLANG_WARN_COMMA = YES;
				CLANG_WARN_CONSTANT_CONVERSION = YES;
				CLANG_WARN_DEPRECATED_OBJC_IMPLEMENTATIONS = YES;
				CLANG_WARN_DIRECT_OBJC_ISA_USAGE = YES_ERROR;
				CLANG_WARN_DOCUMENTATION_COMMENTS = YES;
				CLANG_WARN_EMPTY_BODY = YES;
				CLANG_WARN_ENUM_CONVERSION = YES;
				CLANG_WARN_INFINITE_RECURSION = YES;
				CLANG_WARN_INT_CONVERSION = YES;
				CLANG_WARN_NON_LITERAL_NULL_CONVERSION = YES;
				CLANG_WARN_OBJC_IMPLICIT_RETAIN_SELF = YES;
				CLANG_WARN_OBJC_LITERAL_CONVERSION = YES;
				CLANG_WARN_OBJC_ROOT_CLASS = YES_ERROR;
				CLANG_WARN_RANGE_LOOP_ANALYSIS = YES;
				CLANG_WARN_STRICT_PROTOTYPES = YES;
				CLANG_WARN_SUSPICIOUS_MOVE = YES;
				CLANG_WARN_UNGUARDED_AVAILABILITY = YES_AGGRESSIVE;
				CLANG_WARN_UNREACHABLE_CODE = YES;
				CLANG_WARN__DUPLICATE_METHOD_MATCH = YES;
				CODE_SIGN_IDENTITY = "iPhone Developer";
				COPY_PHASE_STRIP = NO;
				DEBUG_INFORMATION_FORMAT = dwarf;
				ENABLE_STRICT_OBJC_MSGSEND = YES;
				ENABLE_TESTABILITY = YES;
				GCC_C_LANGUAGE_STANDARD = gnu11;
				GCC_DYNAMIC_NO_PIC = NO;
				GCC_NO_COMMON_BLOCKS = YES;
				GCC_OPTIMIZATION_LEVEL = 0;
				GCC_PREPROCESSOR_DEFINITIONS = (
					"DEBUG=1",
					"$(inherited)",
				);
				GCC_WARN_64_TO_32_BIT_CONVERSION = YES;
				GCC_WARN_ABOUT_RETURN_TYPE = YES_ERROR;
				GCC_WARN_UNDECLARED_SELECTOR = YES;
				GCC_WARN_UNINITIALIZED_AUTOS = YES_AGGRESSIVE;
				GCC_WARN_UNUSED_FUNCTION = YES;
				GCC_WARN_UNUSED_VARIABLE = YES;
				IPHONEOS_DEPLOYMENT_TARGET = 11.4;
				MTL_ENABLE_DEBUG_INFO = YES;
				ONLY_ACTIVE_ARCH = YES;
				SDKROOT = iphoneos;
				SWIFT_ACTIVE_COMPILATION_CONDITIONS = DEBUG;
				SWIFT_OPTIMIZATION_LEVEL = "-Onone";
			};
			name = Debug;
		};
		2A790DBF2137058A00A471FB /* Release */ = {
			isa = XCBuildConfiguration;
			buildSettings = {
				ALWAYS_SEARCH_USER_PATHS = NO;
				CLANG_ANALYZER_NONNULL = YES;
				CLANG_ANALYZER_NUMBER_OBJECT_CONVERSION = YES_AGGRESSIVE;
				CLANG_CXX_LANGUAGE_STANDARD = "gnu++14";
				CLANG_CXX_LIBRARY = "libc++";
				CLANG_ENABLE_MODULES = YES;
				CLANG_ENABLE_OBJC_ARC = YES;
				CLANG_ENABLE_OBJC_WEAK = YES;
				CLANG_WARN_BLOCK_CAPTURE_AUTORELEASING = YES;
				CLANG_WARN_BOOL_CONVERSION = YES;
				CLANG_WARN_COMMA = YES;
				CLANG_WARN_CONSTANT_CONVERSION = YES;
				CLANG_WARN_DEPRECATED_OBJC_IMPLEMENTATIONS = YES;
				CLANG_WARN_DIRECT_OBJC_ISA_USAGE = YES_ERROR;
				CLANG_WARN_DOCUMENTATION_COMMENTS = YES;
				CLANG_WARN_EMPTY_BODY = YES;
				CLANG_WARN_ENUM_CONVERSION = YES;
				CLANG_WARN_INFINITE_RECURSION = YES;
				CLANG_WARN_INT_CONVERSION = YES;
				CLANG_WARN_NON_LITERAL_NULL_CONVERSION = YES;
				CLANG_WARN_OBJC_IMPLICIT_RETAIN_SELF = YES;
				CLANG_WARN_OBJC_LITERAL_CONVERSION = YES;
				CLANG_WARN_OBJC_ROOT_CLASS = YES_ERROR;
				CLANG_WARN_RANGE_LOOP_ANALYSIS = YES;
				CLANG_WARN_STRICT_PROTOTYPES = YES;
				CLANG_WARN_SUSPICIOUS_MOVE = YES;
				CLANG_WARN_UNGUARDED_AVAILABILITY = YES_AGGRESSIVE;
				CLANG_WARN_UNREACHABLE_CODE = YES;
				CLANG_WARN__DUPLICATE_METHOD_MATCH = YES;
				CODE_SIGN_IDENTITY = "iPhone Developer";
				COPY_PHASE_STRIP = NO;
				DEBUG_INFORMATION_FORMAT = "dwarf-with-dsym";
				ENABLE_NS_ASSERTIONS = NO;
				ENABLE_STRICT_OBJC_MSGSEND = YES;
				GCC_C_LANGUAGE_STANDARD = gnu11;
				GCC_NO_COMMON_BLOCKS = YES;
				GCC_WARN_64_TO_32_BIT_CONVERSION = YES;
				GCC_WARN_ABOUT_RETURN_TYPE = YES_ERROR;
				GCC_WARN_UNDECLARED_SELECTOR = YES;
				GCC_WARN_UNINITIALIZED_AUTOS = YES_AGGRESSIVE;
				GCC_WARN_UNUSED_FUNCTION = YES;
				GCC_WARN_UNUSED_VARIABLE = YES;
				IPHONEOS_DEPLOYMENT_TARGET = 11.4;
				MTL_ENABLE_DEBUG_INFO = NO;
				SDKROOT = iphoneos;
				SWIFT_COMPILATION_MODE = wholemodule;
				SWIFT_OPTIMIZATION_LEVEL = "-O";
				VALIDATE_PRODUCT = YES;
			};
			name = Release;
		};
		2A790DC12137058A00A471FB /* Debug */ = {
			isa = XCBuildConfiguration;
			buildSettings = {
				ASSETCATALOG_COMPILER_APPICON_NAME = AppIcon;
				CODE_SIGN_STYLE = Automatic;
				INFOPLIST_FILE = Reusable/Info.plist;
				IPHONEOS_DEPLOYMENT_TARGET = 11.0;
				LD_RUNPATH_SEARCH_PATHS = (
					"$(inherited)",
					"@executable_path/Frameworks",
				);
				PRODUCT_BUNDLE_IDENTIFIER = br.com.Reusable;
				PRODUCT_NAME = "$(TARGET_NAME)";
				SWIFT_VERSION = 4.0;
				TARGETED_DEVICE_FAMILY = 1;
			};
			name = Debug;
		};
		2A790DC22137058A00A471FB /* Release */ = {
			isa = XCBuildConfiguration;
			buildSettings = {
				ASSETCATALOG_COMPILER_APPICON_NAME = AppIcon;
				CODE_SIGN_STYLE = Automatic;
				INFOPLIST_FILE = Reusable/Info.plist;
				IPHONEOS_DEPLOYMENT_TARGET = 11.0;
				LD_RUNPATH_SEARCH_PATHS = (
					"$(inherited)",
					"@executable_path/Frameworks",
				);
				PRODUCT_BUNDLE_IDENTIFIER = br.com.Reusable;
				PRODUCT_NAME = "$(TARGET_NAME)";
				SWIFT_VERSION = 4.0;
				TARGETED_DEVICE_FAMILY = 1;
			};
			name = Release;
		};
/* End XCBuildConfiguration section */

/* Begin XCConfigurationList section */
		2A790DA92137058900A471FB /* Build configuration list for PBXProject "Reusable" */ = {
			isa = XCConfigurationList;
			buildConfigurations = (
				2A790DBE2137058A00A471FB /* Debug */,
				2A790DBF2137058A00A471FB /* Release */,
			);
			defaultConfigurationIsVisible = 0;
			defaultConfigurationName = Release;
		};
		2A790DC02137058A00A471FB /* Build configuration list for PBXNativeTarget "Reusable" */ = {
			isa = XCConfigurationList;
			buildConfigurations = (
				2A790DC12137058A00A471FB /* Debug */,
				2A790DC22137058A00A471FB /* Release */,
			);
			defaultConfigurationIsVisible = 0;
			defaultConfigurationName = Release;
		};
/* End XCConfigurationList section */
	};
	rootObject = 2A790DA62137058900A471FB /* Project object */;
}
